<Solution>
  <Folder Name="/Task4/">
    <Project Path="Tyuiu.UsoltsevME.Sprint1.Task4.V24.Lib/Tyuiu.UsoltsevME.Sprint1.Task4.V24.Lib.csproj" />
    <Project Path="Tyuiu.UsoltsevME.Sprint1.Task4.V24.Test/Tyuiu.UsoltsevME.Sprint1.Task4.V24.Test.csproj" />
    <Project Path="Tyuiu.UsoltsevME.Sprint1.Task4.V24/Tyuiu.UsoltsevME.Sprint1.Task4.V24.csproj" />
  </Folder>
  <Folder Name="/Task5/">
    <Project Path="Tyuiu.UsoltsevME.Sprint1.Task5.V7.Lib/Tyuiu.UsoltsevME.Sprint1.Task5.V7.Lib.csproj" Id="66973a05-1c5a-40cb-98d3-6e0007b3ec3b" />
    <Project Path="Tyuiu.UsoltsevME.Sprint1.Task5.V7.Test/Tyuiu.UsoltsevME.Sprint1.Task5.V7.Test.csproj" Id="60309e1e-9121-4dcf-bac6-9d6e447993ad" />
    <Project Path="Tyuiu.UsoltsevME.Sprint1.Task5.V7/Tyuiu.UsoltsevME.Sprint1.Task5.V7.csproj" Id="43abf53a-6b11-4f21-a452-d06f337cf7de" />
  </Folder>
  <Folder Name="/Task6/">
    <Project Path="Tyuiu.UsoltsevME.Sprint1.Task6.V14.Lib/Tyuiu.UsoltsevME.Sprint1.Task6.V14.Lib.csproj" Id="664c7f40-81b7-495a-8114-0f2b3f102ee1" />
    <Project Path="Tyuiu.UsoltsevME.Sprint1.Task6.V14.Test/Tyuiu.UsoltsevME.Sprint1.Task6.V14.Test.csproj" Id="e2166925-152d-4496-8bdf-49518bde4311" />
    <Project Path="Tyuiu.UsoltsevME.Sprint1.Task6.V14/Tyuiu.UsoltsevME.Sprint1.Task6.V14.csproj" Id="e05ce6eb-96b4-483c-af6c-b003192c4da8" />
  </Folder>
  <Folder Name="/Task7/">
    <Project Path="Tyuiu.UsoltsevME.Sprint1.Task7.V22.Lib/Tyuiu.UsoltsevME.Sprint1.Task7.V22.Lib.csproj" Id="be9f003f-2795-4709-8bf3-114d52e401db" />
    <Project Path="Tyuiu.UsoltsevME.Sprint1.Task7.V22.Test/Tyuiu.UsoltsevME.Sprint1.Task7.V22.Test.csproj" Id="3bc54251-f3dc-40e3-955a-2b0c6dc35d48" />
    <Project Path="Tyuiu.UsoltsevME.Sprint1.Task7.V22/Tyuiu.UsoltsevME.Sprint1.Task7.V22.csproj" Id="7f6fbb59-e2a0-4629-bf15-a21856627f37" />
  </Folder>
</Solution>
