<Solution>
  <Project Path="Tyuiu.UsoltsevME.Sprint1.Task4.V24.Lib/Tyuiu.UsoltsevME.Sprint1.Task4.V24.Lib.csproj" />
  <Project Path="Tyuiu.UsoltsevME.Sprint1.Task4.V24.Test/Tyuiu.UsoltsevME.Sprint1.Task4.V24.Test.csproj" />
  <Project Path="Tyuiu.UsoltsevME.Sprint1.Task4.V24/Tyuiu.UsoltsevME.Sprint1.Task4.V24.csproj" />
</Solution>
